
Microsoft Visual Studio Solution File, Format Version 12.00
# Visual Studio 2013
VisualStudioVersion = 12.0.30501.0
MinimumVisualStudioVersion = 10.0.40219.1
Project("{FAE04EC0-301F-11D3-BF4B-00C04F79EFBC}") = "StudentSystem.Models", "StudentSystem.Models\StudentSystem.Models.csproj", "{42297BD4-B0D2-4DD5-A184-508F6C8C90DC}"
EndProject
Project("{FAE04EC0-301F-11D3-BF4B-00C04F79EFBC}") = "StudentSystem.Data", "StudentSystem.Data\StudentSystem.Data.csproj", "{188080FF-65D2-4F5A-A7FC-19C5560A82FD}"
EndProject
Project("{FAE04EC0-301F-11D3-BF4B-00C04F79EFBC}") = "StudentSystem.Client", "StudentSystem.Client\StudentSystem.Client.csproj", "{919B72E6-D150-4CF9-850A-5340EBD4DA04}"
EndProject
Global
	GlobalSection(SolutionConfigurationPlatforms) = preSolution
		Debug|Any CPU = Debug|Any CPU
		Release|Any CPU = Release|Any CPU
	EndGlobalSection
	GlobalSection(ProjectConfigurationPlatforms) = postSolution
		{42297BD4-B0D2-4DD5-A184-508F6C8C90DC}.Debug|Any CPU.ActiveCfg = Debug|Any CPU
		{42297BD4-B0D2-4DD5-A184-508F6C8C90DC}.Debug|Any CPU.Build.0 = Debug|Any CPU
		{42297BD4-B0D2-4DD5-A184-508F6C8C90DC}.Release|Any CPU.ActiveCfg = Release|Any CPU
		{42297BD4-B0D2-4DD5-A184-508F6C8C90DC}.Release|Any CPU.Build.0 = Release|Any CPU
		{188080FF-65D2-4F5A-A7FC-19C5560A82FD}.Debug|Any CPU.ActiveCfg = Debug|Any CPU
		{188080FF-65D2-4F5A-A7FC-19C5560A82FD}.Debug|Any CPU.Build.0 = Debug|Any CPU
		{188080FF-65D2-4F5A-A7FC-19C5560A82FD}.Release|Any CPU.ActiveCfg = Release|Any CPU
		{188080FF-65D2-4F5A-A7FC-19C5560A82FD}.Release|Any CPU.Build.0 = Release|Any CPU
		{919B72E6-D150-4CF9-850A-5340EBD4DA04}.Debug|Any CPU.ActiveCfg = Debug|Any CPU
		{919B72E6-D150-4CF9-850A-5340EBD4DA04}.Debug|Any CPU.Build.0 = Debug|Any CPU
		{919B72E6-D150-4CF9-850A-5340EBD4DA04}.Release|Any CPU.ActiveCfg = Release|Any CPU
		{919B72E6-D150-4CF9-850A-5340EBD4DA04}.Release|Any CPU.Build.0 = Release|Any CPU
	EndGlobalSection
	GlobalSection(SolutionProperties) = preSolution
		HideSolutionNode = FALSE
	EndGlobalSection
EndGlobal
