
Microsoft Visual Studio Solution File, Format Version 12.00
# Visual Studio 2013
VisualStudioVersion = 12.0.21005.1
MinimumVisualStudioVersion = 10.0.40219.1
Project("{FAE04EC0-301F-11D3-BF4B-00C04F79EFBC}") = "SchoolSystem", "SchoolSystem\SchoolSystem.csproj", "{29CAC89C-2D51-4AAF-BDF5-143054C0B995}"
EndProject
Project("{FAE04EC0-301F-11D3-BF4B-00C04F79EFBC}") = "Tests", "StudentSystem.Tests\Tests.csproj", "{D44F11CD-290A-4DBD-8B8B-437022021C23}"
EndProject
Global
	GlobalSection(SolutionConfigurationPlatforms) = preSolution
		Debug|Any CPU = Debug|Any CPU
		Release|Any CPU = Release|Any CPU
	EndGlobalSection
	GlobalSection(ProjectConfigurationPlatforms) = postSolution
		{29CAC89C-2D51-4AAF-BDF5-143054C0B995}.Debug|Any CPU.ActiveCfg = Debug|Any CPU
		{29CAC89C-2D51-4AAF-BDF5-143054C0B995}.Debug|Any CPU.Build.0 = Debug|Any CPU
		{29CAC89C-2D51-4AAF-BDF5-143054C0B995}.Release|Any CPU.ActiveCfg = Release|Any CPU
		{29CAC89C-2D51-4AAF-BDF5-143054C0B995}.Release|Any CPU.Build.0 = Release|Any CPU
		{D44F11CD-290A-4DBD-8B8B-437022021C23}.Debug|Any CPU.ActiveCfg = Debug|Any CPU
		{D44F11CD-290A-4DBD-8B8B-437022021C23}.Debug|Any CPU.Build.0 = Debug|Any CPU
		{D44F11CD-290A-4DBD-8B8B-437022021C23}.Release|Any CPU.ActiveCfg = Release|Any CPU
		{D44F11CD-290A-4DBD-8B8B-437022021C23}.Release|Any CPU.Build.0 = Release|Any CPU
	EndGlobalSection
	GlobalSection(SolutionProperties) = preSolution
		HideSolutionNode = FALSE
	EndGlobalSection
EndGlobal
