
Microsoft Visual Studio Solution File, Format Version 12.00
# Visual Studio 2013
VisualStudioVersion = 12.0.21005.1
MinimumVisualStudioVersion = 10.0.40219.1
Project("{FAE04EC0-301F-11D3-BF4B-00C04F79EFBC}") = "02.Comaprison", "02.Comaprison\02.Comaprison.csproj", "{48AEA8A7-20A9-401C-8663-462B5977B9F9}"
EndProject
Project("{FAE04EC0-301F-11D3-BF4B-00C04F79EFBC}") = "03.CompareFunctions", "03.CompareFunctions\03.CompareFunctions.csproj", "{84AA0D83-6DB8-4F7C-85CD-6CC1246BCF85}"
EndProject
Global
	GlobalSection(SolutionConfigurationPlatforms) = preSolution
		Debug|Any CPU = Debug|Any CPU
		Release|Any CPU = Release|Any CPU
	EndGlobalSection
	GlobalSection(ProjectConfigurationPlatforms) = postSolution
		{48AEA8A7-20A9-401C-8663-462B5977B9F9}.Debug|Any CPU.ActiveCfg = Debug|Any CPU
		{48AEA8A7-20A9-401C-8663-462B5977B9F9}.Debug|Any CPU.Build.0 = Debug|Any CPU
		{48AEA8A7-20A9-401C-8663-462B5977B9F9}.Release|Any CPU.ActiveCfg = Release|Any CPU
		{48AEA8A7-20A9-401C-8663-462B5977B9F9}.Release|Any CPU.Build.0 = Release|Any CPU
		{84AA0D83-6DB8-4F7C-85CD-6CC1246BCF85}.Debug|Any CPU.ActiveCfg = Debug|Any CPU
		{84AA0D83-6DB8-4F7C-85CD-6CC1246BCF85}.Debug|Any CPU.Build.0 = Debug|Any CPU
		{84AA0D83-6DB8-4F7C-85CD-6CC1246BCF85}.Release|Any CPU.ActiveCfg = Release|Any CPU
		{84AA0D83-6DB8-4F7C-85CD-6CC1246BCF85}.Release|Any CPU.Build.0 = Release|Any CPU
	EndGlobalSection
	GlobalSection(SolutionProperties) = preSolution
		HideSolutionNode = FALSE
	EndGlobalSection
EndGlobal
