
Microsoft Visual Studio Solution File, Format Version 12.00
# Visual Studio 2013
VisualStudioVersion = 12.0.21005.1
MinimumVisualStudioVersion = 10.0.40219.1
Project("{FAE04EC0-301F-11D3-BF4B-00C04F79EFBC}") = "jQuery-Plugins", "jQuery-Plugins\jQuery-Plugins.csproj", "{CACAF2B0-9E97-4E2F-8B58-9D12A4BE5368}"
EndProject
Global
	GlobalSection(SolutionConfigurationPlatforms) = preSolution
		Debug|Any CPU = Debug|Any CPU
		Release|Any CPU = Release|Any CPU
	EndGlobalSection
	GlobalSection(ProjectConfigurationPlatforms) = postSolution
		{CACAF2B0-9E97-4E2F-8B58-9D12A4BE5368}.Debug|Any CPU.ActiveCfg = Debug|Any CPU
		{CACAF2B0-9E97-4E2F-8B58-9D12A4BE5368}.Debug|Any CPU.Build.0 = Debug|Any CPU
		{CACAF2B0-9E97-4E2F-8B58-9D12A4BE5368}.Release|Any CPU.ActiveCfg = Release|Any CPU
		{CACAF2B0-9E97-4E2F-8B58-9D12A4BE5368}.Release|Any CPU.Build.0 = Release|Any CPU
	EndGlobalSection
	GlobalSection(SolutionProperties) = preSolution
		HideSolutionNode = FALSE
	EndGlobalSection
EndGlobal
