
Microsoft Visual Studio Solution File, Format Version 12.00
# Visual Studio 2013
VisualStudioVersion = 12.0.30501.0
MinimumVisualStudioVersion = 10.0.40219.1
Project("{FAE04EC0-301F-11D3-BF4B-00C04F79EFBC}") = "Underscore", "Underscore\Underscore.csproj", "{60F79395-12BA-4C77-8B45-3FFD706540FF}"
EndProject
Project("{FAE04EC0-301F-11D3-BF4B-00C04F79EFBC}") = "UsingRequireJS", "UsingRequireJS\UsingRequireJS.csproj", "{B8D2305E-3EA1-4F67-B86F-502AAC46683E}"
EndProject
Global
	GlobalSection(SolutionConfigurationPlatforms) = preSolution
		Debug|Any CPU = Debug|Any CPU
		Release|Any CPU = Release|Any CPU
	EndGlobalSection
	GlobalSection(ProjectConfigurationPlatforms) = postSolution
		{60F79395-12BA-4C77-8B45-3FFD706540FF}.Debug|Any CPU.ActiveCfg = Debug|Any CPU
		{60F79395-12BA-4C77-8B45-3FFD706540FF}.Debug|Any CPU.Build.0 = Debug|Any CPU
		{60F79395-12BA-4C77-8B45-3FFD706540FF}.Release|Any CPU.ActiveCfg = Release|Any CPU
		{60F79395-12BA-4C77-8B45-3FFD706540FF}.Release|Any CPU.Build.0 = Release|Any CPU
		{B8D2305E-3EA1-4F67-B86F-502AAC46683E}.Debug|Any CPU.ActiveCfg = Debug|Any CPU
		{B8D2305E-3EA1-4F67-B86F-502AAC46683E}.Debug|Any CPU.Build.0 = Debug|Any CPU
		{B8D2305E-3EA1-4F67-B86F-502AAC46683E}.Release|Any CPU.ActiveCfg = Release|Any CPU
		{B8D2305E-3EA1-4F67-B86F-502AAC46683E}.Release|Any CPU.Build.0 = Release|Any CPU
	EndGlobalSection
	GlobalSection(SolutionProperties) = preSolution
		HideSolutionNode = FALSE
	EndGlobalSection
EndGlobal
