
Microsoft Visual Studio Solution File, Format Version 12.00
# Visual Studio 2013
VisualStudioVersion = 12.0.30501.0
MinimumVisualStudioVersion = 10.0.40219.1
Project("{FAE04EC0-301F-11D3-BF4B-00C04F79EFBC}") = "01.Tree-Manipulations", "01.Tree-Manipulations\01.Tree-Manipulations.csproj", "{BC16DB85-EB4A-481B-AB58-677CB1035E68}"
EndProject
Project("{FAE04EC0-301F-11D3-BF4B-00C04F79EFBC}") = "02.TraverseWindows", "02.TraverseWindows\02.TraverseWindows.csproj", "{0936690C-EA62-4AA5-8C49-1826E03915D0}"
EndProject
Project("{FAE04EC0-301F-11D3-BF4B-00C04F79EFBC}") = "MaximalPath", "MaximalPath\MaximalPath.csproj", "{7C1F82F4-ECC7-44EC-8F2A-BBE54FD1C707}"
EndProject
Project("{FAE04EC0-301F-11D3-BF4B-00C04F79EFBC}") = "3.CustomFile", "3.CustomFile\3.CustomFile.csproj", "{3A200072-13E3-45F8-A1D0-CEA887D3CFF5}"
EndProject
Global
	GlobalSection(SolutionConfigurationPlatforms) = preSolution
		Debug|Any CPU = Debug|Any CPU
		Release|Any CPU = Release|Any CPU
	EndGlobalSection
	GlobalSection(ProjectConfigurationPlatforms) = postSolution
		{BC16DB85-EB4A-481B-AB58-677CB1035E68}.Debug|Any CPU.ActiveCfg = Debug|Any CPU
		{BC16DB85-EB4A-481B-AB58-677CB1035E68}.Debug|Any CPU.Build.0 = Debug|Any CPU
		{BC16DB85-EB4A-481B-AB58-677CB1035E68}.Release|Any CPU.ActiveCfg = Release|Any CPU
		{BC16DB85-EB4A-481B-AB58-677CB1035E68}.Release|Any CPU.Build.0 = Release|Any CPU
		{0936690C-EA62-4AA5-8C49-1826E03915D0}.Debug|Any CPU.ActiveCfg = Debug|Any CPU
		{0936690C-EA62-4AA5-8C49-1826E03915D0}.Debug|Any CPU.Build.0 = Debug|Any CPU
		{0936690C-EA62-4AA5-8C49-1826E03915D0}.Release|Any CPU.ActiveCfg = Release|Any CPU
		{0936690C-EA62-4AA5-8C49-1826E03915D0}.Release|Any CPU.Build.0 = Release|Any CPU
		{7C1F82F4-ECC7-44EC-8F2A-BBE54FD1C707}.Debug|Any CPU.ActiveCfg = Debug|Any CPU
		{7C1F82F4-ECC7-44EC-8F2A-BBE54FD1C707}.Debug|Any CPU.Build.0 = Debug|Any CPU
		{7C1F82F4-ECC7-44EC-8F2A-BBE54FD1C707}.Release|Any CPU.ActiveCfg = Release|Any CPU
		{7C1F82F4-ECC7-44EC-8F2A-BBE54FD1C707}.Release|Any CPU.Build.0 = Release|Any CPU
		{3A200072-13E3-45F8-A1D0-CEA887D3CFF5}.Debug|Any CPU.ActiveCfg = Debug|Any CPU
		{3A200072-13E3-45F8-A1D0-CEA887D3CFF5}.Debug|Any CPU.Build.0 = Debug|Any CPU
		{3A200072-13E3-45F8-A1D0-CEA887D3CFF5}.Release|Any CPU.ActiveCfg = Release|Any CPU
		{3A200072-13E3-45F8-A1D0-CEA887D3CFF5}.Release|Any CPU.Build.0 = Release|Any CPU
	EndGlobalSection
	GlobalSection(SolutionProperties) = preSolution
		HideSolutionNode = FALSE
	EndGlobalSection
EndGlobal
