
Microsoft Visual Studio Solution File, Format Version 12.00
# Visual Studio 2013
VisualStudioVersion = 12.0.21005.1
MinimumVisualStudioVersion = 10.0.40219.1
Project("{FAE04EC0-301F-11D3-BF4B-00C04F79EFBC}") = "WalkInMatrix", "WalkInMatrix\WalkInMatrix.csproj", "{05A7B5A8-14EA-4C1B-927C-495BF9B0E949}"
EndProject
Project("{FAE04EC0-301F-11D3-BF4B-00C04F79EFBC}") = "MatrixWalk.Tests", "MatrixWalk.Tests\MatrixWalk.Tests.csproj", "{5708B8A5-EC20-4DA3-8341-67A3AD19FD22}"
EndProject
Global
	GlobalSection(SolutionConfigurationPlatforms) = preSolution
		Debug|Any CPU = Debug|Any CPU
		Release|Any CPU = Release|Any CPU
	EndGlobalSection
	GlobalSection(ProjectConfigurationPlatforms) = postSolution
		{05A7B5A8-14EA-4C1B-927C-495BF9B0E949}.Debug|Any CPU.ActiveCfg = Debug|Any CPU
		{05A7B5A8-14EA-4C1B-927C-495BF9B0E949}.Debug|Any CPU.Build.0 = Debug|Any CPU
		{05A7B5A8-14EA-4C1B-927C-495BF9B0E949}.Release|Any CPU.ActiveCfg = Release|Any CPU
		{05A7B5A8-14EA-4C1B-927C-495BF9B0E949}.Release|Any CPU.Build.0 = Release|Any CPU
		{5708B8A5-EC20-4DA3-8341-67A3AD19FD22}.Debug|Any CPU.ActiveCfg = Debug|Any CPU
		{5708B8A5-EC20-4DA3-8341-67A3AD19FD22}.Debug|Any CPU.Build.0 = Debug|Any CPU
		{5708B8A5-EC20-4DA3-8341-67A3AD19FD22}.Release|Any CPU.ActiveCfg = Release|Any CPU
		{5708B8A5-EC20-4DA3-8341-67A3AD19FD22}.Release|Any CPU.Build.0 = Release|Any CPU
	EndGlobalSection
	GlobalSection(SolutionProperties) = preSolution
		HideSolutionNode = FALSE
	EndGlobalSection
EndGlobal
